
Microsoft Visual Studio Solution File, Format Version 12.00
# Visual Studio 2015
Project("{FAE04EC0-301F-11D3-BF4B-00C04F79EFBC}") = "GameDevCW1.Plugins", "GameDevCW1.Plugins.csproj", "{913B3B75-CD54-A9E4-AC85-7F55F1E1713A}"
EndProject
Project("{FAE04EC0-301F-11D3-BF4B-00C04F79EFBC}") = "GameDevCW1", "GameDevCW1.csproj", "{4CB12495-76E4-4CFA-69FF-40B7A3DE7FBB}"
EndProject
Project("{FAE04EC0-301F-11D3-BF4B-00C04F79EFBC}") = "GameDevCW1.Editor", "GameDevCW1.Editor.csproj", "{8EF3377D-7589-0DA1-F21B-12CDD22362A8}"
EndProject
Global
	GlobalSection(SolutionConfigurationPlatforms) = preSolution
		Debug|Any CPU = Debug|Any CPU
		Release|Any CPU = Release|Any CPU
	EndGlobalSection
	GlobalSection(ProjectConfigurationPlatforms) = postSolution
		{913B3B75-CD54-A9E4-AC85-7F55F1E1713A}.Debug|Any CPU.ActiveCfg = Debug|Any CPU
		{913B3B75-CD54-A9E4-AC85-7F55F1E1713A}.Debug|Any CPU.Build.0 = Debug|Any CPU
		{913B3B75-CD54-A9E4-AC85-7F55F1E1713A}.Release|Any CPU.ActiveCfg = Release|Any CPU
		{913B3B75-CD54-A9E4-AC85-7F55F1E1713A}.Release|Any CPU.Build.0 = Release|Any CPU
		{4CB12495-76E4-4CFA-69FF-40B7A3DE7FBB}.Debug|Any CPU.ActiveCfg = Debug|Any CPU
		{4CB12495-76E4-4CFA-69FF-40B7A3DE7FBB}.Debug|Any CPU.Build.0 = Debug|Any CPU
		{4CB12495-76E4-4CFA-69FF-40B7A3DE7FBB}.Release|Any CPU.ActiveCfg = Release|Any CPU
		{4CB12495-76E4-4CFA-69FF-40B7A3DE7FBB}.Release|Any CPU.Build.0 = Release|Any CPU
		{8EF3377D-7589-0DA1-F21B-12CDD22362A8}.Debug|Any CPU.ActiveCfg = Debug|Any CPU
		{8EF3377D-7589-0DA1-F21B-12CDD22362A8}.Debug|Any CPU.Build.0 = Debug|Any CPU
		{8EF3377D-7589-0DA1-F21B-12CDD22362A8}.Release|Any CPU.ActiveCfg = Release|Any CPU
		{8EF3377D-7589-0DA1-F21B-12CDD22362A8}.Release|Any CPU.Build.0 = Release|Any CPU
	EndGlobalSection
	GlobalSection(SolutionProperties) = preSolution
		HideSolutionNode = FALSE
	EndGlobalSection
EndGlobal
